
Microsoft Visual Studio Solution File, Format Version 12.00
# Visual Studio Version 17
VisualStudioVersion = 17.11.35327.3
MinimumVisualStudioVersion = 10.0.40219.1
Project("{FAE04EC0-301F-11D3-BF4B-00C04F79EFBC}") = "Carro", "Carro.csproj", "{E843CE44-29AF-4197-9A47-57E0D184EA30}"
EndProject
Global
	GlobalSection(SolutionConfigurationPlatforms) = preSolution
		Debug|Any CPU = Debug|Any CPU
		Release|Any CPU = Release|Any CPU
	EndGlobalSection
	GlobalSection(ProjectConfigurationPlatforms) = postSolution
		{E843CE44-29AF-4197-9A47-57E0D184EA30}.Debug|Any CPU.ActiveCfg = Debug|Any CPU
		{E843CE44-29AF-4197-9A47-57E0D184EA30}.Debug|Any CPU.Build.0 = Debug|Any CPU
		{E843CE44-29AF-4197-9A47-57E0D184EA30}.Release|Any CPU.ActiveCfg = Release|Any CPU
		{E843CE44-29AF-4197-9A47-57E0D184EA30}.Release|Any CPU.Build.0 = Release|Any CPU
	EndGlobalSection
	GlobalSection(SolutionProperties) = preSolution
		HideSolutionNode = FALSE
	EndGlobalSection
	GlobalSection(ExtensibilityGlobals) = postSolution
		SolutionGuid = {EC764B88-99F6-4B94-B8F0-C3EB6950241D}
	EndGlobalSection
EndGlobal
